
Microsoft Visual Studio Solution File, Format Version 12.00
Project("{FAE04EC0-301F-11D3-BF4B-00C04F79EFBC}") = "KnabCrypto.Api", "KnabCrypto.Api\KnabCrypto.Api.csproj", "{0358C588-AA70-4B95-ABCD-BF651251D74F}"
EndProject
Project("{FAE04EC0-301F-11D3-BF4B-00C04F79EFBC}") = "KnabCrypto.Transactions", "KnabCrypto.Transactions\KnabCrypto.Transactions.csproj", "{F9B9A896-A45E-4E48-93C4-E78F3D1B23A8}"
EndProject
Project("{FAE04EC0-301F-11D3-BF4B-00C04F79EFBC}") = "KnabCrypto.Common", "KnabCrypto.Common\KnabCrypto.Common.csproj", "{5EB63C02-CD49-4C60-BA01-96AD2B8F84F2}"
EndProject
Project("{FAE04EC0-301F-11D3-BF4B-00C04F79EFBC}") = "KnabCrypto.Tests", "KnabCrypto.Tests\KnabCrypto.Tests.csproj", "{A7DA9C29-8C1E-4D5A-92EF-81E641D6B04A}"
EndProject
Global
	GlobalSection(SolutionConfigurationPlatforms) = preSolution
		Debug|Any CPU = Debug|Any CPU
		Release|Any CPU = Release|Any CPU
	EndGlobalSection
	GlobalSection(ProjectConfigurationPlatforms) = postSolution
		{0358C588-AA70-4B95-ABCD-BF651251D74F}.Debug|Any CPU.ActiveCfg = Debug|Any CPU
		{0358C588-AA70-4B95-ABCD-BF651251D74F}.Debug|Any CPU.Build.0 = Debug|Any CPU
		{0358C588-AA70-4B95-ABCD-BF651251D74F}.Release|Any CPU.ActiveCfg = Release|Any CPU
		{0358C588-AA70-4B95-ABCD-BF651251D74F}.Release|Any CPU.Build.0 = Release|Any CPU
		{F9B9A896-A45E-4E48-93C4-E78F3D1B23A8}.Debug|Any CPU.ActiveCfg = Debug|Any CPU
		{F9B9A896-A45E-4E48-93C4-E78F3D1B23A8}.Debug|Any CPU.Build.0 = Debug|Any CPU
		{F9B9A896-A45E-4E48-93C4-E78F3D1B23A8}.Release|Any CPU.ActiveCfg = Release|Any CPU
		{F9B9A896-A45E-4E48-93C4-E78F3D1B23A8}.Release|Any CPU.Build.0 = Release|Any CPU
		{5EB63C02-CD49-4C60-BA01-96AD2B8F84F2}.Debug|Any CPU.ActiveCfg = Debug|Any CPU
		{5EB63C02-CD49-4C60-BA01-96AD2B8F84F2}.Debug|Any CPU.Build.0 = Debug|Any CPU
		{5EB63C02-CD49-4C60-BA01-96AD2B8F84F2}.Release|Any CPU.ActiveCfg = Release|Any CPU
		{5EB63C02-CD49-4C60-BA01-96AD2B8F84F2}.Release|Any CPU.Build.0 = Release|Any CPU
		{A7DA9C29-8C1E-4D5A-92EF-81E641D6B04A}.Debug|Any CPU.ActiveCfg = Debug|Any CPU
		{A7DA9C29-8C1E-4D5A-92EF-81E641D6B04A}.Debug|Any CPU.Build.0 = Debug|Any CPU
		{A7DA9C29-8C1E-4D5A-92EF-81E641D6B04A}.Release|Any CPU.ActiveCfg = Release|Any CPU
		{A7DA9C29-8C1E-4D5A-92EF-81E641D6B04A}.Release|Any CPU.Build.0 = Release|Any CPU
	EndGlobalSection
EndGlobal
